
Microsoft Visual Studio Solution File, Format Version 12.00
# Visual Studio Version 17
VisualStudioVersion = 17.7.34221.43
MinimumVisualStudioVersion = 10.0.40219.1
Project("{FAE04EC0-301F-11D3-BF4B-00C04F79EFBC}") = "WordPad2", "WordPad2\WordPad2.csproj", "{7BB83934-F67F-41E8-B294-5CAA48D5EBEF}"
EndProject
Global
	GlobalSection(SolutionConfigurationPlatforms) = preSolution
		Debug|Any CPU = Debug|Any CPU
		Release|Any CPU = Release|Any CPU
	EndGlobalSection
	GlobalSection(ProjectConfigurationPlatforms) = postSolution
		{7BB83934-F67F-41E8-B294-5CAA48D5EBEF}.Debug|Any CPU.ActiveCfg = Debug|Any CPU
		{7BB83934-F67F-41E8-B294-5CAA48D5EBEF}.Debug|Any CPU.Build.0 = Debug|Any CPU
		{7BB83934-F67F-41E8-B294-5CAA48D5EBEF}.Release|Any CPU.ActiveCfg = Release|Any CPU
		{7BB83934-F67F-41E8-B294-5CAA48D5EBEF}.Release|Any CPU.Build.0 = Release|Any CPU
	EndGlobalSection
	GlobalSection(SolutionProperties) = preSolution
		HideSolutionNode = FALSE
	EndGlobalSection
	GlobalSection(ExtensibilityGlobals) = postSolution
		SolutionGuid = {51732F97-075A-4D37-BE65-8C0C19E2A047}
	EndGlobalSection
EndGlobal
